// !$*UTF8*$!
{
	archiveVersion = 1;
	classes = {
	};
	objectVersion = 56;
	objects = {

/* Begin PBXBuildFile section */
		62323F92291394CD001AC4D1 /* ExploreViewModel.swift in Sources */ = {isa = PBXBuildFile; fileRef = 62323F91291394CD001AC4D1 /* ExploreViewModel.swift */; };
		62323F9429139892001AC4D1 /* SearchBar.swift in Sources */ = {isa = PBXBuildFile; fileRef = 62323F9329139892001AC4D1 /* SearchBar.swift */; };
		62323F9629143EBC001AC4D1 /* ProfileImage.swift in Sources */ = {isa = PBXBuildFile; fileRef = 62323F9529143EBC001AC4D1 /* ProfileImage.swift */; };
		62323F982914465D001AC4D1 /* EventService.swift in Sources */ = {isa = PBXBuildFile; fileRef = 62323F972914465D001AC4D1 /* EventService.swift */; };
		62323F9A291447C5001AC4D1 /* UploadEventViewModel.swift in Sources */ = {isa = PBXBuildFile; fileRef = 62323F99291447C5001AC4D1 /* UploadEventViewModel.swift */; };
		62323F9C29144A84001AC4D1 /* FeedViewModel.swift in Sources */ = {isa = PBXBuildFile; fileRef = 62323F9B29144A84001AC4D1 /* FeedViewModel.swift */; };
		62323F9E29144B87001AC4D1 /* Event.swift in Sources */ = {isa = PBXBuildFile; fileRef = 62323F9D29144B87001AC4D1 /* Event.swift */; };
		62323FA029145540001AC4D1 /* ProfileViewModel.swift in Sources */ = {isa = PBXBuildFile; fileRef = 62323F9F29145540001AC4D1 /* ProfileViewModel.swift */; };
		62323FA429145A1E001AC4D1 /* EventRowViewModel.swift in Sources */ = {isa = PBXBuildFile; fileRef = 62323FA329145A1E001AC4D1 /* EventRowViewModel.swift */; };
		62323FA7291478F9001AC4D1 /* TestingVariables.swift in Sources */ = {isa = PBXBuildFile; fileRef = 62323FA6291478F9001AC4D1 /* TestingVariables.swift */; };
		62333E7929082E160021BED7 /* WaddleApp.swift in Sources */ = {isa = PBXBuildFile; fileRef = 62333E7829082E160021BED7 /* WaddleApp.swift */; };
		62333EC5290CA25E0021BED7 /* SideMenuView.swift in Sources */ = {isa = PBXBuildFile; fileRef = 62333EC4290CA25E0021BED7 /* SideMenuView.swift */; };
		62333EC7290CA26C0021BED7 /* SideMenuOptionRowView.swift in Sources */ = {isa = PBXBuildFile; fileRef = 62333EC6290CA26C0021BED7 /* SideMenuOptionRowView.swift */; };
		62333EC9290CA27C0021BED7 /* SideMenuViewModel.swift in Sources */ = {isa = PBXBuildFile; fileRef = 62333EC8290CA27C0021BED7 /* SideMenuViewModel.swift */; };
		62333ECB290CA4480021BED7 /* UserStatsView.swift in Sources */ = {isa = PBXBuildFile; fileRef = 62333ECA290CA4480021BED7 /* UserStatsView.swift */; };
		62333ED0290CB3B20021BED7 /* NewEventView.swift in Sources */ = {isa = PBXBuildFile; fileRef = 62333ECF290CB3B20021BED7 /* NewEventView.swift */; };
		62333ED2290CB4820021BED7 /* TextArea.swift in Sources */ = {isa = PBXBuildFile; fileRef = 62333ED1290CB4820021BED7 /* TextArea.swift */; };
		62333ED7290CB90E0021BED7 /* LoginView.swift in Sources */ = {isa = PBXBuildFile; fileRef = 62333ED6290CB90E0021BED7 /* LoginView.swift */; };
		62333ED9290CB9180021BED7 /* RegistrationView.swift in Sources */ = {isa = PBXBuildFile; fileRef = 62333ED8290CB9180021BED7 /* RegistrationView.swift */; };
		62333EDB290CBA4A0021BED7 /* RoundedShape.swift in Sources */ = {isa = PBXBuildFile; fileRef = 62333EDA290CBA4A0021BED7 /* RoundedShape.swift */; };
		62333EDD290CBDE10021BED7 /* CustomInputField.swift in Sources */ = {isa = PBXBuildFile; fileRef = 62333EDC290CBDE10021BED7 /* CustomInputField.swift */; };
		62333EE0290CBF530021BED7 /* AuthHeaderView.swift in Sources */ = {isa = PBXBuildFile; fileRef = 62333EDF290CBF530021BED7 /* AuthHeaderView.swift */; };
		62333EE2290CC44D0021BED7 /* GoogleService-Info.plist in Resources */ = {isa = PBXBuildFile; fileRef = 62333EE1290CC44D0021BED7 /* GoogleService-Info.plist */; };
		62333EE5290CDA080021BED7 /* FirebaseAuth in Frameworks */ = {isa = PBXBuildFile; productRef = 62333EE4290CDA080021BED7 /* FirebaseAuth */; };
		62333EE7290CDA080021BED7 /* FirebaseFirestore in Frameworks */ = {isa = PBXBuildFile; productRef = 62333EE6290CDA080021BED7 /* FirebaseFirestore */; };
		62333EE9290CDA080021BED7 /* FirebaseFirestoreSwift in Frameworks */ = {isa = PBXBuildFile; productRef = 62333EE8290CDA080021BED7 /* FirebaseFirestoreSwift */; };
		62333EEB290CDA080021BED7 /* FirebaseStorage in Frameworks */ = {isa = PBXBuildFile; productRef = 62333EEA290CDA080021BED7 /* FirebaseStorage */; };
		62333EEE290CE7FF0021BED7 /* FirebaseAnalytics in Frameworks */ = {isa = PBXBuildFile; productRef = 62333EED290CE7FF0021BED7 /* FirebaseAnalytics */; };
		62333EF0290CE7FF0021BED7 /* FirebaseAnalyticsOnDeviceConversion in Frameworks */ = {isa = PBXBuildFile; productRef = 62333EEF290CE7FF0021BED7 /* FirebaseAnalyticsOnDeviceConversion */; };
		62333EF2290CE7FF0021BED7 /* FirebaseAnalyticsSwift in Frameworks */ = {isa = PBXBuildFile; productRef = 62333EF1290CE7FF0021BED7 /* FirebaseAnalyticsSwift */; };
		62333EF4290CE7FF0021BED7 /* FirebaseAnalyticsWithoutAdIdSupport in Frameworks */ = {isa = PBXBuildFile; productRef = 62333EF3290CE7FF0021BED7 /* FirebaseAnalyticsWithoutAdIdSupport */; };
		62333EF6290CE7FF0021BED7 /* FirebaseAppCheck in Frameworks */ = {isa = PBXBuildFile; productRef = 62333EF5290CE7FF0021BED7 /* FirebaseAppCheck */; };
		62333EF8290CE7FF0021BED7 /* FirebaseAppDistribution-Beta in Frameworks */ = {isa = PBXBuildFile; productRef = 62333EF7290CE7FF0021BED7 /* FirebaseAppDistribution-Beta */; };
		62333EFA290CE7FF0021BED7 /* FirebaseAuthCombine-Community in Frameworks */ = {isa = PBXBuildFile; productRef = 62333EF9290CE7FF0021BED7 /* FirebaseAuthCombine-Community */; };
		62333EFC290CE7FF0021BED7 /* FirebaseCrashlytics in Frameworks */ = {isa = PBXBuildFile; productRef = 62333EFB290CE7FF0021BED7 /* FirebaseCrashlytics */; };
		62333EFE290CE7FF0021BED7 /* FirebaseDatabase in Frameworks */ = {isa = PBXBuildFile; productRef = 62333EFD290CE7FF0021BED7 /* FirebaseDatabase */; };
		62333F00290CE7FF0021BED7 /* FirebaseDatabaseSwift in Frameworks */ = {isa = PBXBuildFile; productRef = 62333EFF290CE7FF0021BED7 /* FirebaseDatabaseSwift */; };
		62333F02290CE7FF0021BED7 /* FirebaseDynamicLinks in Frameworks */ = {isa = PBXBuildFile; productRef = 62333F01290CE7FF0021BED7 /* FirebaseDynamicLinks */; };
		62333F04290CE7FF0021BED7 /* FirebaseFirestoreCombine-Community in Frameworks */ = {isa = PBXBuildFile; productRef = 62333F03290CE7FF0021BED7 /* FirebaseFirestoreCombine-Community */; };
		62333F06290CE7FF0021BED7 /* FirebaseFunctions in Frameworks */ = {isa = PBXBuildFile; productRef = 62333F05290CE7FF0021BED7 /* FirebaseFunctions */; };
		62333F08290CE7FF0021BED7 /* FirebaseFunctionsCombine-Community in Frameworks */ = {isa = PBXBuildFile; productRef = 62333F07290CE7FF0021BED7 /* FirebaseFunctionsCombine-Community */; };
		62333F0A290CE7FF0021BED7 /* FirebaseInAppMessaging-Beta in Frameworks */ = {isa = PBXBuildFile; productRef = 62333F09290CE7FF0021BED7 /* FirebaseInAppMessaging-Beta */; };
		62333F0C290CE7FF0021BED7 /* FirebaseInAppMessagingSwift-Beta in Frameworks */ = {isa = PBXBuildFile; productRef = 62333F0B290CE7FF0021BED7 /* FirebaseInAppMessagingSwift-Beta */; };
		62333F0E290CE7FF0021BED7 /* FirebaseInstallations in Frameworks */ = {isa = PBXBuildFile; productRef = 62333F0D290CE7FF0021BED7 /* FirebaseInstallations */; };
		62333F10290CE7FF0021BED7 /* FirebaseMessaging in Frameworks */ = {isa = PBXBuildFile; productRef = 62333F0F290CE7FF0021BED7 /* FirebaseMessaging */; };
		62333F12290CE7FF0021BED7 /* FirebaseMLModelDownloader in Frameworks */ = {isa = PBXBuildFile; productRef = 62333F11290CE7FF0021BED7 /* FirebaseMLModelDownloader */; };
		62333F14290CE7FF0021BED7 /* FirebasePerformance in Frameworks */ = {isa = PBXBuildFile; productRef = 62333F13290CE7FF0021BED7 /* FirebasePerformance */; };
		62333F16290CE7FF0021BED7 /* FirebaseRemoteConfig in Frameworks */ = {isa = PBXBuildFile; productRef = 62333F15290CE7FF0021BED7 /* FirebaseRemoteConfig */; };
		62333F18290CE7FF0021BED7 /* FirebaseRemoteConfigSwift in Frameworks */ = {isa = PBXBuildFile; productRef = 62333F17290CE7FF0021BED7 /* FirebaseRemoteConfigSwift */; };
		62333F1A290CE7FF0021BED7 /* FirebaseStorageCombine-Community in Frameworks */ = {isa = PBXBuildFile; productRef = 62333F19290CE7FF0021BED7 /* FirebaseStorageCombine-Community */; };
		6263A97D2907501200E139F1 /* FeedFilterViewModel.swift in Sources */ = {isa = PBXBuildFile; fileRef = 6263A97C2907501200E139F1 /* FeedFilterViewModel.swift */; };
		627F354D290CF2A6007F1EB7 /* AuthViewModel.swift in Sources */ = {isa = PBXBuildFile; fileRef = 627F354C290CF2A6007F1EB7 /* AuthViewModel.swift */; };
		627F354F290DEF99007F1EB7 /* ProfilePhotoSelectorView.swift in Sources */ = {isa = PBXBuildFile; fileRef = 627F354E290DEF99007F1EB7 /* ProfilePhotoSelectorView.swift */; };
		627F35522911E02D007F1EB7 /* ImagePicker.swift in Sources */ = {isa = PBXBuildFile; fileRef = 627F35512911E02D007F1EB7 /* ImagePicker.swift */; };
		627F3554291215A0007F1EB7 /* ImageUploader.swift in Sources */ = {isa = PBXBuildFile; fileRef = 627F3553291215A0007F1EB7 /* ImageUploader.swift */; };
		627F355629121C8E007F1EB7 /* UserService.swift in Sources */ = {isa = PBXBuildFile; fileRef = 627F355529121C8E007F1EB7 /* UserService.swift */; };
		627F355829121DFD007F1EB7 /* User.swift in Sources */ = {isa = PBXBuildFile; fileRef = 627F355729121DFD007F1EB7 /* User.swift */; };
		628D41E9291225B2004AD386 /* Kingfisher in Frameworks */ = {isa = PBXBuildFile; productRef = 628D41E8291225B2004AD386 /* Kingfisher */; };
		62FCB1E22901EF57002A7D11 /* ContentView.swift in Sources */ = {isa = PBXBuildFile; fileRef = 62FCB1E12901EF57002A7D11 /* ContentView.swift */; };
		62FCB1E42901EF58002A7D11 /* Assets.xcassets in Resources */ = {isa = PBXBuildFile; fileRef = 62FCB1E32901EF58002A7D11 /* Assets.xcassets */; };
		62FCB1E72901EF58002A7D11 /* Preview Assets.xcassets in Resources */ = {isa = PBXBuildFile; fileRef = 62FCB1E62901EF58002A7D11 /* Preview Assets.xcassets */; };
		62FCB1F62901F00D002A7D11 /* FeedView.swift in Sources */ = {isa = PBXBuildFile; fileRef = 62FCB1F52901F00D002A7D11 /* FeedView.swift */; };
		62FCB1F92901F0C0002A7D11 /* EventsRowView.swift in Sources */ = {isa = PBXBuildFile; fileRef = 62FCB1F82901F0C0002A7D11 /* EventsRowView.swift */; };
		62FCB1FC2901F528002A7D11 /* MainTabView.swift in Sources */ = {isa = PBXBuildFile; fileRef = 62FCB1FB2901F528002A7D11 /* MainTabView.swift */; };
		62FCB2022901F63C002A7D11 /* ExploreView.swift in Sources */ = {isa = PBXBuildFile; fileRef = 62FCB2012901F63C002A7D11 /* ExploreView.swift */; };
		62FCB2042901F661002A7D11 /* MyEventsView.swift in Sources */ = {isa = PBXBuildFile; fileRef = 62FCB2032901F661002A7D11 /* MyEventsView.swift */; };
		62FCB2062901F684002A7D11 /* NotificationsView.swift in Sources */ = {isa = PBXBuildFile; fileRef = 62FCB2052901F684002A7D11 /* NotificationsView.swift */; };
		62FCB20D2901FB42002A7D11 /* ProfileView.swift in Sources */ = {isa = PBXBuildFile; fileRef = 62FCB20C2901FB42002A7D11 /* ProfileView.swift */; };
		62FCB20F2901FFE1002A7D11 /* EventFilterViewModel.swift in Sources */ = {isa = PBXBuildFile; fileRef = 62FCB20E2901FFE1002A7D11 /* EventFilterViewModel.swift */; };
		62FCB2142902036E002A7D11 /* UserRowView.swift in Sources */ = {isa = PBXBuildFile; fileRef = 62FCB2132902036E002A7D11 /* UserRowView.swift */; };
/* End PBXBuildFile section */

/* Begin PBXFileReference section */
		62323F91291394CD001AC4D1 /* ExploreViewModel.swift */ = {isa = PBXFileReference; lastKnownFileType = sourcecode.swift; path = ExploreViewModel.swift; sourceTree = "<group>"; };
		62323F9329139892001AC4D1 /* SearchBar.swift */ = {isa = PBXFileReference; lastKnownFileType = sourcecode.swift; path = SearchBar.swift; sourceTree = "<group>"; };
		62323F9529143EBC001AC4D1 /* ProfileImage.swift */ = {isa = PBXFileReference; lastKnownFileType = sourcecode.swift; path = ProfileImage.swift; sourceTree = "<group>"; };
		62323F972914465D001AC4D1 /* EventService.swift */ = {isa = PBXFileReference; lastKnownFileType = sourcecode.swift; path = EventService.swift; sourceTree = "<group>"; };
		62323F99291447C5001AC4D1 /* UploadEventViewModel.swift */ = {isa = PBXFileReference; lastKnownFileType = sourcecode.swift; path = UploadEventViewModel.swift; sourceTree = "<group>"; };
		62323F9B29144A84001AC4D1 /* FeedViewModel.swift */ = {isa = PBXFileReference; lastKnownFileType = sourcecode.swift; path = FeedViewModel.swift; sourceTree = "<group>"; };
		62323F9D29144B87001AC4D1 /* Event.swift */ = {isa = PBXFileReference; lastKnownFileType = sourcecode.swift; path = Event.swift; sourceTree = "<group>"; };
		62323F9F29145540001AC4D1 /* ProfileViewModel.swift */ = {isa = PBXFileReference; lastKnownFileType = sourcecode.swift; path = ProfileViewModel.swift; sourceTree = "<group>"; };
		62323FA329145A1E001AC4D1 /* EventRowViewModel.swift */ = {isa = PBXFileReference; lastKnownFileType = sourcecode.swift; path = EventRowViewModel.swift; sourceTree = "<group>"; };
		62323FA6291478F9001AC4D1 /* TestingVariables.swift */ = {isa = PBXFileReference; lastKnownFileType = sourcecode.swift; path = TestingVariables.swift; sourceTree = "<group>"; };
		62333E7829082E160021BED7 /* WaddleApp.swift */ = {isa = PBXFileReference; lastKnownFileType = sourcecode.swift; path = WaddleApp.swift; sourceTree = "<group>"; };
		62333EC4290CA25E0021BED7 /* SideMenuView.swift */ = {isa = PBXFileReference; lastKnownFileType = sourcecode.swift; path = SideMenuView.swift; sourceTree = "<group>"; };
		62333EC6290CA26C0021BED7 /* SideMenuOptionRowView.swift */ = {isa = PBXFileReference; lastKnownFileType = sourcecode.swift; path = SideMenuOptionRowView.swift; sourceTree = "<group>"; };
		62333EC8290CA27C0021BED7 /* SideMenuViewModel.swift */ = {isa = PBXFileReference; lastKnownFileType = sourcecode.swift; path = SideMenuViewModel.swift; sourceTree = "<group>"; };
		62333ECA290CA4480021BED7 /* UserStatsView.swift */ = {isa = PBXFileReference; lastKnownFileType = sourcecode.swift; path = UserStatsView.swift; sourceTree = "<group>"; };
		62333ECF290CB3B20021BED7 /* NewEventView.swift */ = {isa = PBXFileReference; lastKnownFileType = sourcecode.swift; path = NewEventView.swift; sourceTree = "<group>"; };
		62333ED1290CB4820021BED7 /* TextArea.swift */ = {isa = PBXFileReference; lastKnownFileType = sourcecode.swift; path = TextArea.swift; sourceTree = "<group>"; };
		62333ED6290CB90E0021BED7 /* LoginView.swift */ = {isa = PBXFileReference; lastKnownFileType = sourcecode.swift; path = LoginView.swift; sourceTree = "<group>"; };
		62333ED8290CB9180021BED7 /* RegistrationView.swift */ = {isa = PBXFileReference; lastKnownFileType = sourcecode.swift; path = RegistrationView.swift; sourceTree = "<group>"; };
		62333EDA290CBA4A0021BED7 /* RoundedShape.swift */ = {isa = PBXFileReference; lastKnownFileType = sourcecode.swift; path = RoundedShape.swift; sourceTree = "<group>"; };
		62333EDC290CBDE10021BED7 /* CustomInputField.swift */ = {isa = PBXFileReference; lastKnownFileType = sourcecode.swift; path = CustomInputField.swift; sourceTree = "<group>"; };
		62333EDF290CBF530021BED7 /* AuthHeaderView.swift */ = {isa = PBXFileReference; lastKnownFileType = sourcecode.swift; path = AuthHeaderView.swift; sourceTree = "<group>"; };
		62333EE1290CC44D0021BED7 /* GoogleService-Info.plist */ = {isa = PBXFileReference; lastKnownFileType = text.plist; path = "GoogleService-Info.plist"; sourceTree = SOURCE_ROOT; };
		6263A97C2907501200E139F1 /* FeedFilterViewModel.swift */ = {isa = PBXFileReference; lastKnownFileType = sourcecode.swift; path = FeedFilterViewModel.swift; sourceTree = "<group>"; };
		627F354C290CF2A6007F1EB7 /* AuthViewModel.swift */ = {isa = PBXFileReference; lastKnownFileType = sourcecode.swift; path = AuthViewModel.swift; sourceTree = "<group>"; };
		627F354E290DEF99007F1EB7 /* ProfilePhotoSelectorView.swift */ = {isa = PBXFileReference; lastKnownFileType = sourcecode.swift; path = ProfilePhotoSelectorView.swift; sourceTree = "<group>"; };
		627F35512911E02D007F1EB7 /* ImagePicker.swift */ = {isa = PBXFileReference; lastKnownFileType = sourcecode.swift; path = ImagePicker.swift; sourceTree = "<group>"; };
		627F3553291215A0007F1EB7 /* ImageUploader.swift */ = {isa = PBXFileReference; lastKnownFileType = sourcecode.swift; path = ImageUploader.swift; sourceTree = "<group>"; };
		627F355529121C8E007F1EB7 /* UserService.swift */ = {isa = PBXFileReference; lastKnownFileType = sourcecode.swift; path = UserService.swift; sourceTree = "<group>"; };
		627F355729121DFD007F1EB7 /* User.swift */ = {isa = PBXFileReference; lastKnownFileType = sourcecode.swift; path = User.swift; sourceTree = "<group>"; };
		62FCB1DC2901EF57002A7D11 /* Waddle.app */ = {isa = PBXFileReference; explicitFileType = wrapper.application; includeInIndex = 0; path = Waddle.app; sourceTree = BUILT_PRODUCTS_DIR; };
		62FCB1E12901EF57002A7D11 /* ContentView.swift */ = {isa = PBXFileReference; lastKnownFileType = sourcecode.swift; path = ContentView.swift; sourceTree = "<group>"; };
		62FCB1E32901EF58002A7D11 /* Assets.xcassets */ = {isa = PBXFileReference; lastKnownFileType = folder.assetcatalog; path = Assets.xcassets; sourceTree = "<group>"; };
		62FCB1E62901EF58002A7D11 /* Preview Assets.xcassets */ = {isa = PBXFileReference; lastKnownFileType = folder.assetcatalog; path = "Preview Assets.xcassets"; sourceTree = "<group>"; };
		62FCB1F52901F00D002A7D11 /* FeedView.swift */ = {isa = PBXFileReference; lastKnownFileType = sourcecode.swift; path = FeedView.swift; sourceTree = "<group>"; };
		62FCB1F82901F0C0002A7D11 /* EventsRowView.swift */ = {isa = PBXFileReference; lastKnownFileType = sourcecode.swift; path = EventsRowView.swift; sourceTree = "<group>"; };
		62FCB1FB2901F528002A7D11 /* MainTabView.swift */ = {isa = PBXFileReference; lastKnownFileType = sourcecode.swift; path = MainTabView.swift; sourceTree = "<group>"; };
		62FCB2012901F63C002A7D11 /* ExploreView.swift */ = {isa = PBXFileReference; lastKnownFileType = sourcecode.swift; path = ExploreView.swift; sourceTree = "<group>"; };
		62FCB2032901F661002A7D11 /* MyEventsView.swift */ = {isa = PBXFileReference; lastKnownFileType = sourcecode.swift; path = MyEventsView.swift; sourceTree = "<group>"; };
		62FCB2052901F684002A7D11 /* NotificationsView.swift */ = {isa = PBXFileReference; lastKnownFileType = sourcecode.swift; path = NotificationsView.swift; sourceTree = "<group>"; };
		62FCB20C2901FB42002A7D11 /* ProfileView.swift */ = {isa = PBXFileReference; lastKnownFileType = sourcecode.swift; path = ProfileView.swift; sourceTree = "<group>"; };
		62FCB20E2901FFE1002A7D11 /* EventFilterViewModel.swift */ = {isa = PBXFileReference; lastKnownFileType = sourcecode.swift; path = EventFilterViewModel.swift; sourceTree = "<group>"; };
		62FCB2132902036E002A7D11 /* UserRowView.swift */ = {isa = PBXFileReference; lastKnownFileType = sourcecode.swift; path = UserRowView.swift; sourceTree = "<group>"; };
/* End PBXFileReference section */

/* Begin PBXFrameworksBuildPhase section */
		62FCB1D92901EF57002A7D11 /* Frameworks */ = {
			isa = PBXFrameworksBuildPhase;
			buildActionMask = 2147483647;
			files = (
				62333F06290CE7FF0021BED7 /* FirebaseFunctions in Frameworks */,
				62333F00290CE7FF0021BED7 /* FirebaseDatabaseSwift in Frameworks */,
				62333F0C290CE7FF0021BED7 /* FirebaseInAppMessagingSwift-Beta in Frameworks */,
				62333EFE290CE7FF0021BED7 /* FirebaseDatabase in Frameworks */,
				62333EE5290CDA080021BED7 /* FirebaseAuth in Frameworks */,
				62333EF0290CE7FF0021BED7 /* FirebaseAnalyticsOnDeviceConversion in Frameworks */,
				62333EEB290CDA080021BED7 /* FirebaseStorage in Frameworks */,
				62333EE7290CDA080021BED7 /* FirebaseFirestore in Frameworks */,
				62333EF2290CE7FF0021BED7 /* FirebaseAnalyticsSwift in Frameworks */,
				62333F12290CE7FF0021BED7 /* FirebaseMLModelDownloader in Frameworks */,
				62333EEE290CE7FF0021BED7 /* FirebaseAnalytics in Frameworks */,
				62333EFA290CE7FF0021BED7 /* FirebaseAuthCombine-Community in Frameworks */,
				62333F04290CE7FF0021BED7 /* FirebaseFirestoreCombine-Community in Frameworks */,
				62333F0A290CE7FF0021BED7 /* FirebaseInAppMessaging-Beta in Frameworks */,
				62333F14290CE7FF0021BED7 /* FirebasePerformance in Frameworks */,
				62333F08290CE7FF0021BED7 /* FirebaseFunctionsCombine-Community in Frameworks */,
				628D41E9291225B2004AD386 /* Kingfisher in Frameworks */,
				62333F1A290CE7FF0021BED7 /* FirebaseStorageCombine-Community in Frameworks */,
				62333EE9290CDA080021BED7 /* FirebaseFirestoreSwift in Frameworks */,
				62333F0E290CE7FF0021BED7 /* FirebaseInstallations in Frameworks */,
				62333EF8290CE7FF0021BED7 /* FirebaseAppDistribution-Beta in Frameworks */,
				62333F16290CE7FF0021BED7 /* FirebaseRemoteConfig in Frameworks */,
				62333EFC290CE7FF0021BED7 /* FirebaseCrashlytics in Frameworks */,
				62333EF6290CE7FF0021BED7 /* FirebaseAppCheck in Frameworks */,
				62333EF4290CE7FF0021BED7 /* FirebaseAnalyticsWithoutAdIdSupport in Frameworks */,
				62333F10290CE7FF0021BED7 /* FirebaseMessaging in Frameworks */,
				62333F02290CE7FF0021BED7 /* FirebaseDynamicLinks in Frameworks */,
				62333F18290CE7FF0021BED7 /* FirebaseRemoteConfigSwift in Frameworks */,
			);
			runOnlyForDeploymentPostprocessing = 0;
		};
/* End PBXFrameworksBuildPhase section */

/* Begin PBXGroup section */
		62323FA1291459F9001AC4D1 /* ViewModel */ = {
			isa = PBXGroup;
			children = (
				62323FA329145A1E001AC4D1 /* EventRowViewModel.swift */,
			);
			name = ViewModel;
			sourceTree = "<group>";
		};
		62323FA229145A09001AC4D1 /* Views */ = {
			isa = PBXGroup;
			children = (
				62FCB1F82901F0C0002A7D11 /* EventsRowView.swift */,
			);
			name = Views;
			sourceTree = "<group>";
		};
		62323FA5291478DE001AC4D1 /* Test */ = {
			isa = PBXGroup;
			children = (
				62323FA6291478F9001AC4D1 /* TestingVariables.swift */,
			);
			name = Test;
			sourceTree = "<group>";
		};
		62333EC1290CA22A0021BED7 /* SideMenu */ = {
			isa = PBXGroup;
			children = (
				62333EC2290CA23A0021BED7 /* ViewModels */,
				62333EC3290CA24C0021BED7 /* Views */,
			);
			name = SideMenu;
			sourceTree = "<group>";
		};
		62333EC2290CA23A0021BED7 /* ViewModels */ = {
			isa = PBXGroup;
			children = (
				62333EC8290CA27C0021BED7 /* SideMenuViewModel.swift */,
			);
			name = ViewModels;
			sourceTree = "<group>";
		};
		62333EC3290CA24C0021BED7 /* Views */ = {
			isa = PBXGroup;
			children = (
				62333EC4290CA25E0021BED7 /* SideMenuView.swift */,
				62333EC6290CA26C0021BED7 /* SideMenuOptionRowView.swift */,
			);
			name = Views;
			sourceTree = "<group>";
		};
		62333ECC290CB3660021BED7 /* UploadEvent */ = {
			isa = PBXGroup;
			children = (
				62333ECE290CB37A0021BED7 /* Views */,
				62333ECD290CB3740021BED7 /* ViewModels */,
			);
			name = UploadEvent;
			sourceTree = "<group>";
		};
		62333ECD290CB3740021BED7 /* ViewModels */ = {
			isa = PBXGroup;
			children = (
				62323F99291447C5001AC4D1 /* UploadEventViewModel.swift */,
			);
			name = ViewModels;
			sourceTree = "<group>";
		};
		62333ECE290CB37A0021BED7 /* Views */ = {
			isa = PBXGroup;
			children = (
				62333ECF290CB3B20021BED7 /* NewEventView.swift */,
			);
			name = Views;
			sourceTree = "<group>";
		};
		62333ED3290CB8F20021BED7 /* Authentication */ = {
			isa = PBXGroup;
			children = (
				62333ED5290CB9040021BED7 /* Views */,
				62333ED4290CB8FC0021BED7 /* ViewModels */,
			);
			name = Authentication;
			sourceTree = "<group>";
		};
		62333ED4290CB8FC0021BED7 /* ViewModels */ = {
			isa = PBXGroup;
			children = (
				627F354C290CF2A6007F1EB7 /* AuthViewModel.swift */,
			);
			name = ViewModels;
			sourceTree = "<group>";
		};
		62333ED5290CB9040021BED7 /* Views */ = {
			isa = PBXGroup;
			children = (
				62333ED6290CB90E0021BED7 /* LoginView.swift */,
				62333ED8290CB9180021BED7 /* RegistrationView.swift */,
				627F354E290DEF99007F1EB7 /* ProfilePhotoSelectorView.swift */,
			);
			name = Views;
			sourceTree = "<group>";
		};
		62333EDE290CBF430021BED7 /* Authentication */ = {
			isa = PBXGroup;
			children = (
				62333EDF290CBF530021BED7 /* AuthHeaderView.swift */,
			);
			name = Authentication;
			sourceTree = "<group>";
		};
		62333EEC290CE7FF0021BED7 /* Frameworks */ = {
			isa = PBXGroup;
			children = (
			);
			name = Frameworks;
			sourceTree = "<group>";
		};
		627F35502911E01E007F1EB7 /* Utils */ = {
			isa = PBXGroup;
			children = (
				62323FA5291478DE001AC4D1 /* Test */,
				627F35512911E02D007F1EB7 /* ImagePicker.swift */,
			);
			name = Utils;
			sourceTree = "<group>";
		};
		62FCB1D32901EF57002A7D11 = {
			isa = PBXGroup;
			children = (
				62FCB1DE2901EF57002A7D11 /* Waddle */,
				62FCB1DD2901EF57002A7D11 /* Products */,
				62333EEC290CE7FF0021BED7 /* Frameworks */,
			);
			sourceTree = "<group>";
		};
		62FCB1DD2901EF57002A7D11 /* Products */ = {
			isa = PBXGroup;
			children = (
				62FCB1DC2901EF57002A7D11 /* Waddle.app */,
			);
			name = Products;
			sourceTree = "<group>";
		};
		62FCB1DE2901EF57002A7D11 /* Waddle */ = {
			isa = PBXGroup;
			children = (
				62FCB1ED2901EF73002A7D11 /* Extensions */,
				62FCB1EF2901EF7E002A7D11 /* Service */,
				627F35502911E01E007F1EB7 /* Utils */,
				62FCB1EE2901EF7B002A7D11 /* Model */,
				62FCB1F02901EF81002A7D11 /* Core */,
				62FCB1E12901EF57002A7D11 /* ContentView.swift */,
				62333E7829082E160021BED7 /* WaddleApp.swift */,
				62FCB1E32901EF58002A7D11 /* Assets.xcassets */,
				62333EE1290CC44D0021BED7 /* GoogleService-Info.plist */,
				62FCB1E52901EF58002A7D11 /* Preview Content */,
			);
			path = Waddle;
			sourceTree = "<group>";
		};
		62FCB1E52901EF58002A7D11 /* Preview Content */ = {
			isa = PBXGroup;
			children = (
				62FCB1E62901EF58002A7D11 /* Preview Assets.xcassets */,
			);
			path = "Preview Content";
			sourceTree = "<group>";
		};
		62FCB1ED2901EF73002A7D11 /* Extensions */ = {
			isa = PBXGroup;
			children = (
			);
			name = Extensions;
			sourceTree = "<group>";
		};
		62FCB1EE2901EF7B002A7D11 /* Model */ = {
			isa = PBXGroup;
			children = (
				627F355729121DFD007F1EB7 /* User.swift */,
				62323F9D29144B87001AC4D1 /* Event.swift */,
			);
			name = Model;
			sourceTree = "<group>";
		};
		62FCB1EF2901EF7E002A7D11 /* Service */ = {
			isa = PBXGroup;
			children = (
				627F3553291215A0007F1EB7 /* ImageUploader.swift */,
				627F355529121C8E007F1EB7 /* UserService.swift */,
				62323F972914465D001AC4D1 /* EventService.swift */,
			);
			name = Service;
			sourceTree = "<group>";
		};
		62FCB1F02901EF81002A7D11 /* Core */ = {
			isa = PBXGroup;
			children = (
				62FCB1F12901EF96002A7D11 /* Components */,
				62333ED3290CB8F20021BED7 /* Authentication */,
				62333ECC290CB3660021BED7 /* UploadEvent */,
				62333EC1290CA22A0021BED7 /* SideMenu */,
				62FCB2002901F619002A7D11 /* Profile */,
				62FCB1FF2901F5F9002A7D11 /* Explore */,
				62FCB1FE2901F5F7002A7D11 /* MyEvents */,
				62FCB1FD2901F5E8002A7D11 /* Notifcations */,
				62FCB1FA2901F515002A7D11 /* MainTab */,
				62FCB1F22901EFAD002A7D11 /* Feed */,
			);
			name = Core;
			sourceTree = "<group>";
		};
		62FCB1F12901EF96002A7D11 /* Components */ = {
			isa = PBXGroup;
			children = (
				62333EDE290CBF430021BED7 /* Authentication */,
				62FCB2122902035D002A7D11 /* Users */,
				62FCB1F72901F07B002A7D11 /* Events */,
				62333ED1290CB4820021BED7 /* TextArea.swift */,
				62333EDA290CBA4A0021BED7 /* RoundedShape.swift */,
				62333EDC290CBDE10021BED7 /* CustomInputField.swift */,
				62323F9329139892001AC4D1 /* SearchBar.swift */,
				62323F9529143EBC001AC4D1 /* ProfileImage.swift */,
			);
			name = Components;
			sourceTree = "<group>";
		};
		62FCB1F22901EFAD002A7D11 /* Feed */ = {
			isa = PBXGroup;
			children = (
				62FCB1F32901EFEB002A7D11 /* ViewModels */,
				62FCB1F42901EFF5002A7D11 /* View */,
			);
			name = Feed;
			sourceTree = "<group>";
		};
		62FCB1F32901EFEB002A7D11 /* ViewModels */ = {
			isa = PBXGroup;
			children = (
				6263A97C2907501200E139F1 /* FeedFilterViewModel.swift */,
				62323F9B29144A84001AC4D1 /* FeedViewModel.swift */,
			);
			name = ViewModels;
			sourceTree = "<group>";
		};
		62FCB1F42901EFF5002A7D11 /* View */ = {
			isa = PBXGroup;
			children = (
				62FCB1F52901F00D002A7D11 /* FeedView.swift */,
			);
			name = View;
			sourceTree = "<group>";
		};
		62FCB1F72901F07B002A7D11 /* Events */ = {
			isa = PBXGroup;
			children = (
				62323FA1291459F9001AC4D1 /* ViewModel */,
				62323FA229145A09001AC4D1 /* Views */,
			);
			name = Events;
			sourceTree = "<group>";
		};
		62FCB1FA2901F515002A7D11 /* MainTab */ = {
			isa = PBXGroup;
			children = (
				62FCB1FB2901F528002A7D11 /* MainTabView.swift */,
			);
			name = MainTab;
			sourceTree = "<group>";
		};
		62FCB1FD2901F5E8002A7D11 /* Notifcations */ = {
			isa = PBXGroup;
			children = (
				62FCB2052901F684002A7D11 /* NotificationsView.swift */,
			);
			name = Notifcations;
			sourceTree = "<group>";
		};
		62FCB1FE2901F5F7002A7D11 /* MyEvents */ = {
			isa = PBXGroup;
			children = (
				62FCB2032901F661002A7D11 /* MyEventsView.swift */,
			);
			name = MyEvents;
			sourceTree = "<group>";
		};
		62FCB1FF2901F5F9002A7D11 /* Explore */ = {
			isa = PBXGroup;
			children = (
				62FCB21129020348002A7D11 /* ViewModels */,
				62FCB21029020341002A7D11 /* Views */,
			);
			name = Explore;
			sourceTree = "<group>";
		};
		62FCB2002901F619002A7D11 /* Profile */ = {
			isa = PBXGroup;
			children = (
				62FCB20B2901FB36002A7D11 /* Views */,
				62FCB20A2901FB2E002A7D11 /* ViewModels */,
			);
			name = Profile;
			sourceTree = "<group>";
		};
		62FCB20A2901FB2E002A7D11 /* ViewModels */ = {
			isa = PBXGroup;
			children = (
				62FCB20E2901FFE1002A7D11 /* EventFilterViewModel.swift */,
				62323F9F29145540001AC4D1 /* ProfileViewModel.swift */,
			);
			name = ViewModels;
			sourceTree = "<group>";
		};
		62FCB20B2901FB36002A7D11 /* Views */ = {
			isa = PBXGroup;
			children = (
				62FCB20C2901FB42002A7D11 /* ProfileView.swift */,
			);
			name = Views;
			sourceTree = "<group>";
		};
		62FCB21029020341002A7D11 /* Views */ = {
			isa = PBXGroup;
			children = (
				62FCB2012901F63C002A7D11 /* ExploreView.swift */,
			);
			name = Views;
			sourceTree = "<group>";
		};
		62FCB21129020348002A7D11 /* ViewModels */ = {
			isa = PBXGroup;
			children = (
				62323F91291394CD001AC4D1 /* ExploreViewModel.swift */,
			);
			name = ViewModels;
			sourceTree = "<group>";
		};
		62FCB2122902035D002A7D11 /* Users */ = {
			isa = PBXGroup;
			children = (
				62FCB2132902036E002A7D11 /* UserRowView.swift */,
				62333ECA290CA4480021BED7 /* UserStatsView.swift */,
			);
			name = Users;
			sourceTree = "<group>";
		};
/* End PBXGroup section */

/* Begin PBXNativeTarget section */
		62FCB1DB2901EF57002A7D11 /* Waddle */ = {
			isa = PBXNativeTarget;
			buildConfigurationList = 62FCB1EA2901EF58002A7D11 /* Build configuration list for PBXNativeTarget "Waddle" */;
			buildPhases = (
				62FCB1D82901EF57002A7D11 /* Sources */,
				62FCB1D92901EF57002A7D11 /* Frameworks */,
				62FCB1DA2901EF57002A7D11 /* Resources */,
			);
			buildRules = (
			);
			dependencies = (
			);
			name = Waddle;
			packageProductDependencies = (
				62333EE4290CDA080021BED7 /* FirebaseAuth */,
				62333EE6290CDA080021BED7 /* FirebaseFirestore */,
				62333EE8290CDA080021BED7 /* FirebaseFirestoreSwift */,
				62333EEA290CDA080021BED7 /* FirebaseStorage */,
				62333EED290CE7FF0021BED7 /* FirebaseAnalytics */,
				62333EEF290CE7FF0021BED7 /* FirebaseAnalyticsOnDeviceConversion */,
				62333EF1290CE7FF0021BED7 /* FirebaseAnalyticsSwift */,
				62333EF3290CE7FF0021BED7 /* FirebaseAnalyticsWithoutAdIdSupport */,
				62333EF5290CE7FF0021BED7 /* FirebaseAppCheck */,
				62333EF7290CE7FF0021BED7 /* FirebaseAppDistribution-Beta */,
				62333EF9290CE7FF0021BED7 /* FirebaseAuthCombine-Community */,
				62333EFB290CE7FF0021BED7 /* FirebaseCrashlytics */,
				62333EFD290CE7FF0021BED7 /* FirebaseDatabase */,
				62333EFF290CE7FF0021BED7 /* FirebaseDatabaseSwift */,
				62333F01290CE7FF0021BED7 /* FirebaseDynamicLinks */,
				62333F03290CE7FF0021BED7 /* FirebaseFirestoreCombine-Community */,
				62333F05290CE7FF0021BED7 /* FirebaseFunctions */,
				62333F07290CE7FF0021BED7 /* FirebaseFunctionsCombine-Community */,
				62333F09290CE7FF0021BED7 /* FirebaseInAppMessaging-Beta */,
				62333F0B290CE7FF0021BED7 /* FirebaseInAppMessagingSwift-Beta */,
				62333F0D290CE7FF0021BED7 /* FirebaseInstallations */,
				62333F0F290CE7FF0021BED7 /* FirebaseMessaging */,
				62333F11290CE7FF0021BED7 /* FirebaseMLModelDownloader */,
				62333F13290CE7FF0021BED7 /* FirebasePerformance */,
				62333F15290CE7FF0021BED7 /* FirebaseRemoteConfig */,
				62333F17290CE7FF0021BED7 /* FirebaseRemoteConfigSwift */,
				62333F19290CE7FF0021BED7 /* FirebaseStorageCombine-Community */,
				628D41E8291225B2004AD386 /* Kingfisher */,
			);
			productName = BetterBe;
			productReference = 62FCB1DC2901EF57002A7D11 /* Waddle.app */;
			productType = "com.apple.product-type.application";
		};
/* End PBXNativeTarget section */

/* Begin PBXProject section */
		62FCB1D42901EF57002A7D11 /* Project object */ = {
			isa = PBXProject;
			attributes = {
				BuildIndependentTargetsInParallel = 1;
				LastSwiftUpdateCheck = 1400;
				LastUpgradeCheck = 1400;
				TargetAttributes = {
					62FCB1DB2901EF57002A7D11 = {
						CreatedOnToolsVersion = 14.0.1;
					};
				};
			};
			buildConfigurationList = 62FCB1D72901EF57002A7D11 /* Build configuration list for PBXProject "Waddle" */;
			compatibilityVersion = "Xcode 14.0";
			developmentRegion = en;
			hasScannedForEncodings = 0;
			knownRegions = (
				en,
				Base,
			);
			mainGroup = 62FCB1D32901EF57002A7D11;
			packageReferences = (
				62333EE3290CDA080021BED7 /* XCRemoteSwiftPackageReference "firebase-ios-sdk" */,
				628D41E7291225B2004AD386 /* XCRemoteSwiftPackageReference "Kingfisher" */,
			);
			productRefGroup = 62FCB1DD2901EF57002A7D11 /* Products */;
			projectDirPath = "";
			projectRoot = "";
			targets = (
				62FCB1DB2901EF57002A7D11 /* Waddle */,
			);
		};
/* End PBXProject section */

/* Begin PBXResourcesBuildPhase section */
		62FCB1DA2901EF57002A7D11 /* Resources */ = {
			isa = PBXResourcesBuildPhase;
			buildActionMask = 2147483647;
			files = (
				62FCB1E72901EF58002A7D11 /* Preview Assets.xcassets in Resources */,
				62FCB1E42901EF58002A7D11 /* Assets.xcassets in Resources */,
				62333EE2290CC44D0021BED7 /* GoogleService-Info.plist in Resources */,
			);
			runOnlyForDeploymentPostprocessing = 0;
		};
/* End PBXResourcesBuildPhase section */

/* Begin PBXSourcesBuildPhase section */
		62FCB1D82901EF57002A7D11 /* Sources */ = {
			isa = PBXSourcesBuildPhase;
			buildActionMask = 2147483647;
			files = (
				62323F9C29144A84001AC4D1 /* FeedViewModel.swift in Sources */,
				627F355629121C8E007F1EB7 /* UserService.swift in Sources */,
				62323F9629143EBC001AC4D1 /* ProfileImage.swift in Sources */,
				62333EDD290CBDE10021BED7 /* CustomInputField.swift in Sources */,
				62FCB2062901F684002A7D11 /* NotificationsView.swift in Sources */,
				62333ECB290CA4480021BED7 /* UserStatsView.swift in Sources */,
				6263A97D2907501200E139F1 /* FeedFilterViewModel.swift in Sources */,
				62323F982914465D001AC4D1 /* EventService.swift in Sources */,
				62333EE0290CBF530021BED7 /* AuthHeaderView.swift in Sources */,
				62323F9A291447C5001AC4D1 /* UploadEventViewModel.swift in Sources */,
				62323F9429139892001AC4D1 /* SearchBar.swift in Sources */,
				62323F92291394CD001AC4D1 /* ExploreViewModel.swift in Sources */,
				62333EC7290CA26C0021BED7 /* SideMenuOptionRowView.swift in Sources */,
				62FCB1E22901EF57002A7D11 /* ContentView.swift in Sources */,
				627F355829121DFD007F1EB7 /* User.swift in Sources */,
				62FCB20D2901FB42002A7D11 /* ProfileView.swift in Sources */,
				62FCB1F62901F00D002A7D11 /* FeedView.swift in Sources */,
				62333ED2290CB4820021BED7 /* TextArea.swift in Sources */,
				62333ED0290CB3B20021BED7 /* NewEventView.swift in Sources */,
				62FCB1F92901F0C0002A7D11 /* EventsRowView.swift in Sources */,
				62FCB20F2901FFE1002A7D11 /* EventFilterViewModel.swift in Sources */,
				627F35522911E02D007F1EB7 /* ImagePicker.swift in Sources */,
				62323FA429145A1E001AC4D1 /* EventRowViewModel.swift in Sources */,
				62333EC9290CA27C0021BED7 /* SideMenuViewModel.swift in Sources */,
				627F354F290DEF99007F1EB7 /* ProfilePhotoSelectorView.swift in Sources */,
				62FCB2022901F63C002A7D11 /* ExploreView.swift in Sources */,
				62333EC5290CA25E0021BED7 /* SideMenuView.swift in Sources */,
				62323FA029145540001AC4D1 /* ProfileViewModel.swift in Sources */,
				62333EDB290CBA4A0021BED7 /* RoundedShape.swift in Sources */,
				62FCB1FC2901F528002A7D11 /* MainTabView.swift in Sources */,
				62323F9E29144B87001AC4D1 /* Event.swift in Sources */,
				62333E7929082E160021BED7 /* WaddleApp.swift in Sources */,
				62333ED7290CB90E0021BED7 /* LoginView.swift in Sources */,
				627F354D290CF2A6007F1EB7 /* AuthViewModel.swift in Sources */,
				627F3554291215A0007F1EB7 /* ImageUploader.swift in Sources */,
				62FCB2142902036E002A7D11 /* UserRowView.swift in Sources */,
				62FCB2042901F661002A7D11 /* MyEventsView.swift in Sources */,
				62323FA7291478F9001AC4D1 /* TestingVariables.swift in Sources */,
				62333ED9290CB9180021BED7 /* RegistrationView.swift in Sources */,
			);
			runOnlyForDeploymentPostprocessing = 0;
		};
/* End PBXSourcesBuildPhase section */

/* Begin XCBuildConfiguration section */
		62FCB1E82901EF58002A7D11 /* Debug */ = {
			isa = XCBuildConfiguration;
			buildSettings = {
				ALWAYS_SEARCH_USER_PATHS = NO;
				CLANG_ANALYZER_NONNULL = YES;
				CLANG_ANALYZER_NUMBER_OBJECT_CONVERSION = YES_AGGRESSIVE;
				CLANG_CXX_LANGUAGE_STANDARD = "gnu++20";
				CLANG_ENABLE_MODULES = YES;
				CLANG_ENABLE_OBJC_ARC = YES;
				CLANG_ENABLE_OBJC_WEAK = YES;
				CLANG_WARN_BLOCK_CAPTURE_AUTORELEASING = YES;
				CLANG_WARN_BOOL_CONVERSION = YES;
				CLANG_WARN_COMMA = YES;
				CLANG_WARN_CONSTANT_CONVERSION = YES;
				CLANG_WARN_DEPRECATED_OBJC_IMPLEMENTATIONS = YES;
				CLANG_WARN_DIRECT_OBJC_ISA_USAGE = YES_ERROR;
				CLANG_WARN_DOCUMENTATION_COMMENTS = YES;
				CLANG_WARN_EMPTY_BODY = YES;
				CLANG_WARN_ENUM_CONVERSION = YES;
				CLANG_WARN_INFINITE_RECURSION = YES;
				CLANG_WARN_INT_CONVERSION = YES;
				CLANG_WARN_NON_LITERAL_NULL_CONVERSION = YES;
				CLANG_WARN_OBJC_IMPLICIT_RETAIN_SELF = YES;
				CLANG_WARN_OBJC_LITERAL_CONVERSION = YES;
				CLANG_WARN_OBJC_ROOT_CLASS = YES_ERROR;
				CLANG_WARN_QUOTED_INCLUDE_IN_FRAMEWORK_HEADER = YES;
				CLANG_WARN_RANGE_LOOP_ANALYSIS = YES;
				CLANG_WARN_STRICT_PROTOTYPES = YES;
				CLANG_WARN_SUSPICIOUS_MOVE = YES;
				CLANG_WARN_UNGUARDED_AVAILABILITY = YES_AGGRESSIVE;
				CLANG_WARN_UNREACHABLE_CODE = YES;
				CLANG_WARN__DUPLICATE_METHOD_MATCH = YES;
				COPY_PHASE_STRIP = NO;
				DEBUG_INFORMATION_FORMAT = dwarf;
				ENABLE_STRICT_OBJC_MSGSEND = YES;
				ENABLE_TESTABILITY = YES;
				GCC_C_LANGUAGE_STANDARD = gnu11;
				GCC_DYNAMIC_NO_PIC = NO;
				GCC_NO_COMMON_BLOCKS = YES;
				GCC_OPTIMIZATION_LEVEL = 0;
				GCC_PREPROCESSOR_DEFINITIONS = (
					"DEBUG=1",
					"$(inherited)",
				);
				GCC_WARN_64_TO_32_BIT_CONVERSION = YES;
				GCC_WARN_ABOUT_RETURN_TYPE = YES_ERROR;
				GCC_WARN_UNDECLARED_SELECTOR = YES;
				GCC_WARN_UNINITIALIZED_AUTOS = YES_AGGRESSIVE;
				GCC_WARN_UNUSED_FUNCTION = YES;
				GCC_WARN_UNUSED_VARIABLE = YES;
				IPHONEOS_DEPLOYMENT_TARGET = 16.0;
				MTL_ENABLE_DEBUG_INFO = INCLUDE_SOURCE;
				MTL_FAST_MATH = YES;
				ONLY_ACTIVE_ARCH = YES;
				SDKROOT = iphoneos;
				SWIFT_ACTIVE_COMPILATION_CONDITIONS = DEBUG;
				SWIFT_OPTIMIZATION_LEVEL = "-Onone";
			};
			name = Debug;
		};
		62FCB1E92901EF58002A7D11 /* Release */ = {
			isa = XCBuildConfiguration;
			buildSettings = {
				ALWAYS_SEARCH_USER_PATHS = NO;
				CLANG_ANALYZER_NONNULL = YES;
				CLANG_ANALYZER_NUMBER_OBJECT_CONVERSION = YES_AGGRESSIVE;
				CLANG_CXX_LANGUAGE_STANDARD = "gnu++20";
				CLANG_ENABLE_MODULES = YES;
				CLANG_ENABLE_OBJC_ARC = YES;
				CLANG_ENABLE_OBJC_WEAK = YES;
				CLANG_WARN_BLOCK_CAPTURE_AUTORELEASING = YES;
				CLANG_WARN_BOOL_CONVERSION = YES;
				CLANG_WARN_COMMA = YES;
				CLANG_WARN_CONSTANT_CONVERSION = YES;
				CLANG_WARN_DEPRECATED_OBJC_IMPLEMENTATIONS = YES;
				CLANG_WARN_DIRECT_OBJC_ISA_USAGE = YES_ERROR;
				CLANG_WARN_DOCUMENTATION_COMMENTS = YES;
				CLANG_WARN_EMPTY_BODY = YES;
				CLANG_WARN_ENUM_CONVERSION = YES;
				CLANG_WARN_INFINITE_RECURSION = YES;
				CLANG_WARN_INT_CONVERSION = YES;
				CLANG_WARN_NON_LITERAL_NULL_CONVERSION = YES;
				CLANG_WARN_OBJC_IMPLICIT_RETAIN_SELF = YES;
				CLANG_WARN_OBJC_LITERAL_CONVERSION = YES;
				CLANG_WARN_OBJC_ROOT_CLASS = YES_ERROR;
				CLANG_WARN_QUOTED_INCLUDE_IN_FRAMEWORK_HEADER = YES;
				CLANG_WARN_RANGE_LOOP_ANALYSIS = YES;
				CLANG_WARN_STRICT_PROTOTYPES = YES;
				CLANG_WARN_SUSPICIOUS_MOVE = YES;
				CLANG_WARN_UNGUARDED_AVAILABILITY = YES_AGGRESSIVE;
				CLANG_WARN_UNREACHABLE_CODE = YES;
				CLANG_WARN__DUPLICATE_METHOD_MATCH = YES;
				COPY_PHASE_STRIP = NO;
				DEBUG_INFORMATION_FORMAT = "dwarf-with-dsym";
				ENABLE_NS_ASSERTIONS = NO;
				ENABLE_STRICT_OBJC_MSGSEND = YES;
				GCC_C_LANGUAGE_STANDARD = gnu11;
				GCC_NO_COMMON_BLOCKS = YES;
				GCC_WARN_64_TO_32_BIT_CONVERSION = YES;
				GCC_WARN_ABOUT_RETURN_TYPE = YES_ERROR;
				GCC_WARN_UNDECLARED_SELECTOR = YES;
				GCC_WARN_UNINITIALIZED_AUTOS = YES_AGGRESSIVE;
				GCC_WARN_UNUSED_FUNCTION = YES;
				GCC_WARN_UNUSED_VARIABLE = YES;
				IPHONEOS_DEPLOYMENT_TARGET = 16.0;
				MTL_ENABLE_DEBUG_INFO = NO;
				MTL_FAST_MATH = YES;
				SDKROOT = iphoneos;
				SWIFT_COMPILATION_MODE = wholemodule;
				SWIFT_OPTIMIZATION_LEVEL = "-O";
				VALIDATE_PRODUCT = YES;
			};
			name = Release;
		};
		62FCB1EB2901EF58002A7D11 /* Debug */ = {
			isa = XCBuildConfiguration;
			buildSettings = {
				ASSETCATALOG_COMPILER_APPICON_NAME = AppIcon;
				ASSETCATALOG_COMPILER_GLOBAL_ACCENT_COLOR_NAME = AccentColor;
				CODE_SIGN_STYLE = Automatic;
				CURRENT_PROJECT_VERSION = 1;
				DEBUG_INFORMATION_FORMAT = "dwarf-with-dsym";
				DEVELOPMENT_ASSET_PATHS = "\"Waddle/Preview Content\"";
				DEVELOPMENT_TEAM = 82MMY53XP9;
				ENABLE_PREVIEWS = YES;
				GENERATE_INFOPLIST_FILE = YES;
				INFOPLIST_KEY_UIApplicationSceneManifest_Generation = YES;
				INFOPLIST_KEY_UIApplicationSupportsIndirectInputEvents = YES;
				INFOPLIST_KEY_UILaunchScreen_Generation = YES;
				INFOPLIST_KEY_UISupportedInterfaceOrientations_iPad = "UIInterfaceOrientationPortrait UIInterfaceOrientationPortraitUpsideDown UIInterfaceOrientationLandscapeLeft UIInterfaceOrientationLandscapeRight";
				INFOPLIST_KEY_UISupportedInterfaceOrientations_iPhone = "UIInterfaceOrientationPortrait UIInterfaceOrientationLandscapeLeft UIInterfaceOrientationLandscapeRight";
				LD_RUNPATH_SEARCH_PATHS = (
					"$(inherited)",
					"@executable_path/Frameworks",
				);
				MARKETING_VERSION = 1.0;
				PRODUCT_BUNDLE_IDENTIFIER = com.RenaissancePenguin.Waddle;
				PRODUCT_NAME = Waddle;
				SUPPORTED_PLATFORMS = "iphoneos iphonesimulator";
				SUPPORTS_MACCATALYST = NO;
				SUPPORTS_MAC_DESIGNED_FOR_IPHONE_IPAD = YES;
				SWIFT_EMIT_LOC_STRINGS = YES;
				SWIFT_VERSION = 5.0;
				TARGETED_DEVICE_FAMILY = 1;
			};
			name = Debug;
		};
		62FCB1EC2901EF58002A7D11 /* Release */ = {
			isa = XCBuildConfiguration;
			buildSettings = {
				ASSETCATALOG_COMPILER_APPICON_NAME = AppIcon;
				ASSETCATALOG_COMPILER_GLOBAL_ACCENT_COLOR_NAME = AccentColor;
				CODE_SIGN_STYLE = Automatic;
				CURRENT_PROJECT_VERSION = 1;
				DEVELOPMENT_ASSET_PATHS = "\"Waddle/Preview Content\"";
				DEVELOPMENT_TEAM = 82MMY53XP9;
				ENABLE_PREVIEWS = YES;
				GENERATE_INFOPLIST_FILE = YES;
				INFOPLIST_KEY_UIApplicationSceneManifest_Generation = YES;
				INFOPLIST_KEY_UIApplicationSupportsIndirectInputEvents = YES;
				INFOPLIST_KEY_UILaunchScreen_Generation = YES;
				INFOPLIST_KEY_UISupportedInterfaceOrientations_iPad = "UIInterfaceOrientationPortrait UIInterfaceOrientationPortraitUpsideDown UIInterfaceOrientationLandscapeLeft UIInterfaceOrientationLandscapeRight";
				INFOPLIST_KEY_UISupportedInterfaceOrientations_iPhone = "UIInterfaceOrientationPortrait UIInterfaceOrientationLandscapeLeft UIInterfaceOrientationLandscapeRight";
				LD_RUNPATH_SEARCH_PATHS = (
					"$(inherited)",
					"@executable_path/Frameworks",
				);
				MARKETING_VERSION = 1.0;
				PRODUCT_BUNDLE_IDENTIFIER = com.RenaissancePenguin.Waddle;
				PRODUCT_NAME = Waddle;
				SUPPORTED_PLATFORMS = "iphoneos iphonesimulator";
				SUPPORTS_MACCATALYST = NO;
				SUPPORTS_MAC_DESIGNED_FOR_IPHONE_IPAD = YES;
				SWIFT_EMIT_LOC_STRINGS = YES;
				SWIFT_VERSION = 5.0;
				TARGETED_DEVICE_FAMILY = 1;
			};
			name = Release;
		};
/* End XCBuildConfiguration section */

/* Begin XCConfigurationList section */
		62FCB1D72901EF57002A7D11 /* Build configuration list for PBXProject "Waddle" */ = {
			isa = XCConfigurationList;
			buildConfigurations = (
				62FCB1E82901EF58002A7D11 /* Debug */,
				62FCB1E92901EF58002A7D11 /* Release */,
			);
			defaultConfigurationIsVisible = 0;
			defaultConfigurationName = Release;
		};
		62FCB1EA2901EF58002A7D11 /* Build configuration list for PBXNativeTarget "Waddle" */ = {
			isa = XCConfigurationList;
			buildConfigurations = (
				62FCB1EB2901EF58002A7D11 /* Debug */,
				62FCB1EC2901EF58002A7D11 /* Release */,
			);
			defaultConfigurationIsVisible = 0;
			defaultConfigurationName = Release;
		};
/* End XCConfigurationList section */

/* Begin XCRemoteSwiftPackageReference section */
		62333EE3290CDA080021BED7 /* XCRemoteSwiftPackageReference "firebase-ios-sdk" */ = {
			isa = XCRemoteSwiftPackageReference;
			repositoryURL = "https://github.com/firebase/firebase-ios-sdk";
			requirement = {
				branch = master;
				kind = branch;
			};
		};
		628D41E7291225B2004AD386 /* XCRemoteSwiftPackageReference "Kingfisher" */ = {
			isa = XCRemoteSwiftPackageReference;
			repositoryURL = "https://github.com/onevcat/Kingfisher.git";
			requirement = {
				kind = upToNextMajorVersion;
				minimumVersion = 7.0.0;
			};
		};
/* End XCRemoteSwiftPackageReference section */

/* Begin XCSwiftPackageProductDependency section */
		62333EE4290CDA080021BED7 /* FirebaseAuth */ = {
			isa = XCSwiftPackageProductDependency;
			package = 62333EE3290CDA080021BED7 /* XCRemoteSwiftPackageReference "firebase-ios-sdk" */;
			productName = FirebaseAuth;
		};
		62333EE6290CDA080021BED7 /* FirebaseFirestore */ = {
			isa = XCSwiftPackageProductDependency;
			package = 62333EE3290CDA080021BED7 /* XCRemoteSwiftPackageReference "firebase-ios-sdk" */;
			productName = FirebaseFirestore;
		};
		62333EE8290CDA080021BED7 /* FirebaseFirestoreSwift */ = {
			isa = XCSwiftPackageProductDependency;
			package = 62333EE3290CDA080021BED7 /* XCRemoteSwiftPackageReference "firebase-ios-sdk" */;
			productName = FirebaseFirestoreSwift;
		};
		62333EEA290CDA080021BED7 /* FirebaseStorage */ = {
			isa = XCSwiftPackageProductDependency;
			package = 62333EE3290CDA080021BED7 /* XCRemoteSwiftPackageReference "firebase-ios-sdk" */;
			productName = FirebaseStorage;
		};
		62333EED290CE7FF0021BED7 /* FirebaseAnalytics */ = {
			isa = XCSwiftPackageProductDependency;
			package = 62333EE3290CDA080021BED7 /* XCRemoteSwiftPackageReference "firebase-ios-sdk" */;
			productName = FirebaseAnalytics;
		};
		62333EEF290CE7FF0021BED7 /* FirebaseAnalyticsOnDeviceConversion */ = {
			isa = XCSwiftPackageProductDependency;
			package = 62333EE3290CDA080021BED7 /* XCRemoteSwiftPackageReference "firebase-ios-sdk" */;
			productName = FirebaseAnalyticsOnDeviceConversion;
		};
		62333EF1290CE7FF0021BED7 /* FirebaseAnalyticsSwift */ = {
			isa = XCSwiftPackageProductDependency;
			package = 62333EE3290CDA080021BED7 /* XCRemoteSwiftPackageReference "firebase-ios-sdk" */;
			productName = FirebaseAnalyticsSwift;
		};
		62333EF3290CE7FF0021BED7 /* FirebaseAnalyticsWithoutAdIdSupport */ = {
			isa = XCSwiftPackageProductDependency;
			package = 62333EE3290CDA080021BED7 /* XCRemoteSwiftPackageReference "firebase-ios-sdk" */;
			productName = FirebaseAnalyticsWithoutAdIdSupport;
		};
		62333EF5290CE7FF0021BED7 /* FirebaseAppCheck */ = {
			isa = XCSwiftPackageProductDependency;
			package = 62333EE3290CDA080021BED7 /* XCRemoteSwiftPackageReference "firebase-ios-sdk" */;
			productName = FirebaseAppCheck;
		};
		62333EF7290CE7FF0021BED7 /* FirebaseAppDistribution-Beta */ = {
			isa = XCSwiftPackageProductDependency;
			package = 62333EE3290CDA080021BED7 /* XCRemoteSwiftPackageReference "firebase-ios-sdk" */;
			productName = "FirebaseAppDistribution-Beta";
		};
		62333EF9290CE7FF0021BED7 /* FirebaseAuthCombine-Community */ = {
			isa = XCSwiftPackageProductDependency;
			package = 62333EE3290CDA080021BED7 /* XCRemoteSwiftPackageReference "firebase-ios-sdk" */;
			productName = "FirebaseAuthCombine-Community";
		};
		62333EFB290CE7FF0021BED7 /* FirebaseCrashlytics */ = {
			isa = XCSwiftPackageProductDependency;
			package = 62333EE3290CDA080021BED7 /* XCRemoteSwiftPackageReference "firebase-ios-sdk" */;
			productName = FirebaseCrashlytics;
		};
		62333EFD290CE7FF0021BED7 /* FirebaseDatabase */ = {
			isa = XCSwiftPackageProductDependency;
			package = 62333EE3290CDA080021BED7 /* XCRemoteSwiftPackageReference "firebase-ios-sdk" */;
			productName = FirebaseDatabase;
		};
		62333EFF290CE7FF0021BED7 /* FirebaseDatabaseSwift */ = {
			isa = XCSwiftPackageProductDependency;
			package = 62333EE3290CDA080021BED7 /* XCRemoteSwiftPackageReference "firebase-ios-sdk" */;
			productName = FirebaseDatabaseSwift;
		};
		62333F01290CE7FF0021BED7 /* FirebaseDynamicLinks */ = {
			isa = XCSwiftPackageProductDependency;
			package = 62333EE3290CDA080021BED7 /* XCRemoteSwiftPackageReference "firebase-ios-sdk" */;
			productName = FirebaseDynamicLinks;
		};
		62333F03290CE7FF0021BED7 /* FirebaseFirestoreCombine-Community */ = {
			isa = XCSwiftPackageProductDependency;
			package = 62333EE3290CDA080021BED7 /* XCRemoteSwiftPackageReference "firebase-ios-sdk" */;
			productName = "FirebaseFirestoreCombine-Community";
		};
		62333F05290CE7FF0021BED7 /* FirebaseFunctions */ = {
			isa = XCSwiftPackageProductDependency;
			package = 62333EE3290CDA080021BED7 /* XCRemoteSwiftPackageReference "firebase-ios-sdk" */;
			productName = FirebaseFunctions;
		};
		62333F07290CE7FF0021BED7 /* FirebaseFunctionsCombine-Community */ = {
			isa = XCSwiftPackageProductDependency;
			package = 62333EE3290CDA080021BED7 /* XCRemoteSwiftPackageReference "firebase-ios-sdk" */;
			productName = "FirebaseFunctionsCombine-Community";
		};
		62333F09290CE7FF0021BED7 /* FirebaseInAppMessaging-Beta */ = {
			isa = XCSwiftPackageProductDependency;
			package = 62333EE3290CDA080021BED7 /* XCRemoteSwiftPackageReference "firebase-ios-sdk" */;
			productName = "FirebaseInAppMessaging-Beta";
		};
		62333F0B290CE7FF0021BED7 /* FirebaseInAppMessagingSwift-Beta */ = {
			isa = XCSwiftPackageProductDependency;
			package = 62333EE3290CDA080021BED7 /* XCRemoteSwiftPackageReference "firebase-ios-sdk" */;
			productName = "FirebaseInAppMessagingSwift-Beta";
		};
		62333F0D290CE7FF0021BED7 /* FirebaseInstallations */ = {
			isa = XCSwiftPackageProductDependency;
			package = 62333EE3290CDA080021BED7 /* XCRemoteSwiftPackageReference "firebase-ios-sdk" */;
			productName = FirebaseInstallations;
		};
		62333F0F290CE7FF0021BED7 /* FirebaseMessaging */ = {
			isa = XCSwiftPackageProductDependency;
			package = 62333EE3290CDA080021BED7 /* XCRemoteSwiftPackageReference "firebase-ios-sdk" */;
			productName = FirebaseMessaging;
		};
		62333F11290CE7FF0021BED7 /* FirebaseMLModelDownloader */ = {
			isa = XCSwiftPackageProductDependency;
			package = 62333EE3290CDA080021BED7 /* XCRemoteSwiftPackageReference "firebase-ios-sdk" */;
			productName = FirebaseMLModelDownloader;
		};
		62333F13290CE7FF0021BED7 /* FirebasePerformance */ = {
			isa = XCSwiftPackageProductDependency;
			package = 62333EE3290CDA080021BED7 /* XCRemoteSwiftPackageReference "firebase-ios-sdk" */;
			productName = FirebasePerformance;
		};
		62333F15290CE7FF0021BED7 /* FirebaseRemoteConfig */ = {
			isa = XCSwiftPackageProductDependency;
			package = 62333EE3290CDA080021BED7 /* XCRemoteSwiftPackageReference "firebase-ios-sdk" */;
			productName = FirebaseRemoteConfig;
		};
		62333F17290CE7FF0021BED7 /* FirebaseRemoteConfigSwift */ = {
			isa = XCSwiftPackageProductDependency;
			package = 62333EE3290CDA080021BED7 /* XCRemoteSwiftPackageReference "firebase-ios-sdk" */;
			productName = FirebaseRemoteConfigSwift;
		};
		62333F19290CE7FF0021BED7 /* FirebaseStorageCombine-Community */ = {
			isa = XCSwiftPackageProductDependency;
			package = 62333EE3290CDA080021BED7 /* XCRemoteSwiftPackageReference "firebase-ios-sdk" */;
			productName = "FirebaseStorageCombine-Community";
		};
		628D41E8291225B2004AD386 /* Kingfisher */ = {
			isa = XCSwiftPackageProductDependency;
			package = 628D41E7291225B2004AD386 /* XCRemoteSwiftPackageReference "Kingfisher" */;
			productName = Kingfisher;
		};
/* End XCSwiftPackageProductDependency section */
	};
	rootObject = 62FCB1D42901EF57002A7D11 /* Project object */;
}
